{
    "name": "picturereader",
    "version": "3.0.5",
    "lockfileVersion": 3,
    "requires": true,
    "packages": {
        "": {
            "name": "picturereader",
            "version": "3.0.5",
            "license": "MIT",
            "dependencies": {
                "jpeg-js": "^0.4.4",
                "omggif": "^1.0.10",
                "pngjs": "^7.0.0"
            },
            "engines": {
                "node": "^22.19 || >=24"
            },
            "peerDependencies": {
                "@deepseek-ai/dsh-llm": "^0.1.0-rc.6",
                "@deepseek-ai/dsh-settings": "^0.1.0-rc.6",
                "@deepseek-ai/schemastery": "^3.18.1"
            }
        },
        "node_modules/@deepseek-ai/cordis": {
            "version": "4.0.1",
            "resolved": "https://registry.npmjs.org/@deepseek-ai/cordis/-/cordis-4.0.1.tgz",
            "integrity": "sha512-YBdskTU2Po1kru3GgcUWUbkTsPMA9LkSQDAY8rBkFJeajdgcQad3QPJZE26JyK99Xb6HaASvoXg2DSUTeN/0Nw==",
            "license": "MIT",
            "peer": true,
            "dependencies": {
                "@deepseek-ai/cosmokit": "^1.8.2",
                "@standard-schema/spec": "^1.1.0"
            },
            "bin": {
                "cordis": "bin.js"
            },
            "peerDependencies": {
                "@deepseek-ai/cordis-plugin-include": "^1.0.6",
                "@deepseek-ai/cordis-plugin-loader": "^1.0.2"
            },
            "peerDependenciesMeta": {
                "@deepseek-ai/cordis-plugin-include": {
                    "optional": true
                },
                "@deepseek-ai/cordis-plugin-loader": {
                    "optional": true
                }
            }
        },
        "node_modules/@deepseek-ai/cosmokit": {
            "version": "1.8.2",
            "resolved": "https://registry.npmjs.org/@deepseek-ai/cosmokit/-/cosmokit-1.8.2.tgz",
            "integrity": "sha512-muBOKtSrUKU5m/xpq8ZXWL6hQ/jgd4PhU2PqH97bcxIiLEJfNwZOGQEx4t/aS/GgxRAR+ra9pMHPMtTHU4sqqA==",
            "license": "MIT",
            "peer": true
        },
        "node_modules/@deepseek-ai/dsh-attachment": {
            "version": "0.1.0-rc.8",
            "resolved": "https://registry.npmjs.org/@deepseek-ai/dsh-attachment/-/dsh-attachment-0.1.0-rc.8.tgz",
            "integrity": "sha512-cCrg4WWiav7pGtbdU8dJTpAG28cPnkWVB2YPOrlBCgBbhQziGcG9Dv67Ti6L3PI4OQKC55gYBFinQghFO/7FGg==",
            "license": "MIT",
            "peer": true,
            "peerDependencies": {
                "@deepseek-ai/cordis": "^4.0.1",
                "@deepseek-ai/dsh-brand": "^0.1.0-rc.8",
                "@deepseek-ai/dsh-invariants": "^0.1.0-rc.8"
            }
        },
        "node_modules/@deepseek-ai/dsh-brand": {
            "version": "0.1.0-rc.8",
            "resolved": "https://registry.npmjs.org/@deepseek-ai/dsh-brand/-/dsh-brand-0.1.0-rc.8.tgz",
            "integrity": "sha512-402aUAfHxIZJrArBV4gDf0I/A/69A/By26FX6HTIOyFmCnB4wUBKh8jnglz1CorKWdZy8AKldAhh8HQhQEbGOQ==",
            "license": "MIT",
            "peer": true,
            "peerDependencies": {
                "@deepseek-ai/cordis": "^4.0.1",
                "@deepseek-ai/dsh-invariants": "^0.1.0-rc.8"
            }
        },
        "node_modules/@deepseek-ai/dsh-invariants": {
            "version": "0.1.0-rc.8",
            "resolved": "https://registry.npmjs.org/@deepseek-ai/dsh-invariants/-/dsh-invariants-0.1.0-rc.8.tgz",
            "integrity": "sha512-u0lYqyxOYwfsVnbsfGXZos5vFvA4cqFnBEW3/ezgljNwkYwzeUP/Y5wjPnQjP+ZzBn3CnVeIF6s2N2Vk3iA5mQ==",
            "license": "MIT",
            "peer": true,
            "dependencies": {
                "@deepseek-ai/schemastery": "^3.18.1"
            },
            "peerDependencies": {
                "@deepseek-ai/cordis": "^4.0.1"
            }
        },
        "node_modules/@deepseek-ai/dsh-llm": {
            "version": "0.1.0-rc.8",
            "resolved": "https://registry.npmjs.org/@deepseek-ai/dsh-llm/-/dsh-llm-0.1.0-rc.8.tgz",
            "integrity": "sha512-hf6RmX2Stn1UtzpktSHQLkIktQkBm9i/3yFfJlbGSkwyw5Cv9sTYJbyoHzsSnnh6i8nRRcMcBhvMgm23I00oIw==",
            "license": "MIT",
            "peer": true,
            "dependencies": {
                "@deepseek-ai/schemastery": "^3.18.1"
            },
            "peerDependencies": {
                "@deepseek-ai/cordis": "^4.0.1",
                "@deepseek-ai/dsh-attachment": "^0.1.0-rc.8",
                "@deepseek-ai/dsh-brand": "^0.1.0-rc.8",
                "@deepseek-ai/dsh-invariants": "^0.1.0-rc.8",
                "@deepseek-ai/dsh-timeout": "^0.1.0-rc.8"
            }
        },
        "node_modules/@deepseek-ai/dsh-settings": {
            "version": "0.1.0-rc.8",
            "resolved": "https://registry.npmjs.org/@deepseek-ai/dsh-settings/-/dsh-settings-0.1.0-rc.8.tgz",
            "integrity": "sha512-pqbMoiSP+Ieww9/4gcHYXcBCDlno1zYDu2OPq+5xdZ+McnK+5YBtHsiRpnR9cHQxGTH7lkfIv+adkOueQW0utg==",
            "license": "MIT",
            "peer": true,
            "peerDependencies": {
                "@deepseek-ai/cordis": "^4.0.1",
                "@deepseek-ai/dsh-brand": "^0.1.0-rc.8",
                "@deepseek-ai/dsh-invariants": "^0.1.0-rc.8",
                "@deepseek-ai/schemastery": "^3.18.1"
            }
        },
        "node_modules/@deepseek-ai/dsh-timeout": {
            "version": "0.1.0-rc.8",
            "resolved": "https://registry.npmjs.org/@deepseek-ai/dsh-timeout/-/dsh-timeout-0.1.0-rc.8.tgz",
            "integrity": "sha512-RwOC/qHribE6b+LStAO7aAgweefLE5sqDO7Uz6/mnTDyJxCt7HNQnE/Op8sAvRa33d752aUkPfO9S0mgzVAoFQ==",
            "license": "MIT",
            "peer": true,
            "peerDependencies": {
                "@deepseek-ai/cordis": "^4.0.1",
                "@deepseek-ai/dsh-invariants": "^0.1.0-rc.8"
            }
        },
        "node_modules/@deepseek-ai/schemastery": {
            "version": "3.18.1",
            "resolved": "https://registry.npmjs.org/@deepseek-ai/schemastery/-/schemastery-3.18.1.tgz",
            "integrity": "sha512-Qn0FCSwCQnpnj6SB31I6i2sIKgKWnkbJM8O0EU91Gv2UsYVvtZTl6IA0sCwk2e2MZf5S8w5hpq9QkeVvK9qwxg==",
            "license": "MIT",
            "peer": true,
            "dependencies": {
                "@deepseek-ai/cosmokit": "^1.8.2",
                "@standard-schema/spec": "^1.1.0"
            }
        },
        "node_modules/@standard-schema/spec": {
            "version": "1.1.0",
            "resolved": "https://registry.npmjs.org/@standard-schema/spec/-/spec-1.1.0.tgz",
            "integrity": "sha512-l2aFy5jALhniG5HgqrD6jXLi/rUWrKvqN/qJx6yoJsgKhblVd+iqqU4RCXavm/jPityDo5TCvKMnpjKnOriy0w==",
            "license": "MIT",
            "peer": true
        },
        "node_modules/jpeg-js": {
            "version": "0.4.4",
            "resolved": "https://registry.npmjs.org/jpeg-js/-/jpeg-js-0.4.4.tgz",
            "integrity": "sha512-WZzeDOEtTOBK4Mdsar0IqEU5sMr3vSV2RqkAIzUEV2BHnUfKGyswWFPFwK5EeDo93K3FohSHbLAjj0s1Wzd+dg==",
            "license": "BSD-3-Clause"
        },
        "node_modules/omggif": {
            "version": "1.0.10",
            "resolved": "https://registry.npmjs.org/omggif/-/omggif-1.0.10.tgz",
            "integrity": "sha512-LMJTtvgc/nugXj0Vcrrs68Mn2D1r0zf630VNtqtpI1FEO7e+O9FP4gqs9AcnBaSEeoHIPm28u6qgPR0oyEpGSw==",
            "license": "MIT"
        },
        "node_modules/pngjs": {
            "version": "7.0.0",
            "resolved": "https://registry.npmjs.org/pngjs/-/pngjs-7.0.0.tgz",
            "integrity": "sha512-LKWqWJRhstyYo9pGvgor/ivk2w94eSjE3RGVuzLGlr3NmD8bf7RcYGze1mNdEHRP6TRP6rMuDHk5t44hnTRyow==",
            "license": "MIT",
            "engines": {
                "node": ">=14.19.0"
            }
        }
    }
}
