{
  "name": "@deepseek-ai/dsh-stt",
  "version": "0.1.0",
  "lockfileVersion": 3,
  "requires": true,
  "packages": {
    "": {
      "name": "@deepseek-ai/dsh-stt",
      "version": "0.1.0",
      "license": "MIT",
      "dependencies": {
        "sherpa-onnx-node": "^1.13.6"
      }
    },
    "node_modules/sherpa-onnx-darwin-arm64": {
      "version": "1.13.6",
      "resolved": "https://registry.npmjs.org/sherpa-onnx-darwin-arm64/-/sherpa-onnx-darwin-arm64-1.13.6.tgz",
      "integrity": "sha512-m3QMOGUHVPUl7bAOPc7oJtmzOVdzQVQPsCuTjNuQ2N6zlYuXDZu9NdUR3Er3rxbhHa6SmWa94flUwmUsO1atow==",
      "cpu": [
        "arm64"
      ],
      "license": "Apache-2.0",
      "optional": true,
      "os": [
        "darwin"
      ]
    },
    "node_modules/sherpa-onnx-darwin-x64": {
      "version": "1.13.6",
      "resolved": "https://registry.npmjs.org/sherpa-onnx-darwin-x64/-/sherpa-onnx-darwin-x64-1.13.6.tgz",
      "integrity": "sha512-3X5FQ9PpwlBmxLqtb2/uvl7/W2HXXzXHT0MLmB9c0TRMANLujzvIF7YbT6VW3k92ClL/1q9sbIOul0rHgxCTmw==",
      "cpu": [
        "x64"
      ],
      "license": "Apache-2.0",
      "optional": true,
      "os": [
        "darwin"
      ]
    },
    "node_modules/sherpa-onnx-linux-arm64": {
      "version": "1.13.6",
      "resolved": "https://registry.npmjs.org/sherpa-onnx-linux-arm64/-/sherpa-onnx-linux-arm64-1.13.6.tgz",
      "integrity": "sha512-xSzhqrGFbBrykpbEFt5dLXB3Sp3a8idNzjhf92uylDgUhupBSRHj3ISeYaL9ZZWTNSzszNXBKlM+xH36dHQjPg==",
      "cpu": [
        "arm64"
      ],
      "license": "Apache-2.0",
      "optional": true,
      "os": [
        "linux"
      ]
    },
    "node_modules/sherpa-onnx-linux-x64": {
      "version": "1.13.6",
      "resolved": "https://registry.npmjs.org/sherpa-onnx-linux-x64/-/sherpa-onnx-linux-x64-1.13.6.tgz",
      "integrity": "sha512-HiR3yolQDl3WoU1zSXn8L0MSXzF9PXLQpMv+Ptozg1y/DJU8HuvoXBasOarX4cer5d9kGimnOUGm0dl47PCN1A==",
      "cpu": [
        "x64"
      ],
      "license": "Apache-2.0",
      "optional": true,
      "os": [
        "linux"
      ]
    },
    "node_modules/sherpa-onnx-node": {
      "version": "1.13.6",
      "license": "Apache-2.0",
      "optionalDependencies": {
        "sherpa-onnx-darwin-arm64": "^1.13.6",
        "sherpa-onnx-darwin-x64": "^1.13.6",
        "sherpa-onnx-linux-arm64": "^1.13.6",
        "sherpa-onnx-linux-x64": "^1.13.6",
        "sherpa-onnx-win-ia32": "^1.13.6",
        "sherpa-onnx-win-x64": "^1.13.6"
      }
    },
    "node_modules/sherpa-onnx-win-ia32": {
      "version": "1.13.6",
      "resolved": "https://registry.npmjs.org/sherpa-onnx-win-ia32/-/sherpa-onnx-win-ia32-1.13.6.tgz",
      "integrity": "sha512-CN6rNQqn0wzdSp3XRHxdmNaLUMhP+BgsWVbaASU+V9CYBdx74uutoA/43ThUfh3S3CiArpp8OJtn8dJrPeGHnw==",
      "cpu": [
        "ia32"
      ],
      "license": "Apache-2.0",
      "optional": true,
      "os": [
        "win32"
      ]
    },
    "node_modules/sherpa-onnx-win-x64": {
      "version": "1.13.6",
      "cpu": [
        "x64"
      ],
      "license": "Apache-2.0",
      "optional": true,
      "os": [
        "win32"
      ]
    }
  }
}
