lockfileVersion: '9.0'

settings:
  autoInstallPeers: true
  excludeLinksFromLockfile: false

importers:

  .:
    dependencies:
      '@deepseek-ai/cosmokit':
        specifier: 1.8.2
        version: 1.8.2
      '@deepseek-ai/schemastery':
        specifier: 3.18.1
        version: 3.18.1
      '@standard-schema/spec':
        specifier: 1.1.0
        version: 1.1.0
    devDependencies:
      playwright-core:
        specifier: ^1.62.1
        version: 1.62.1

packages:

  '@deepseek-ai/cosmokit@1.8.2':
    resolution: {integrity: sha512-muBOKtSrUKU5m/xpq8ZXWL6hQ/jgd4PhU2PqH97bcxIiLEJfNwZOGQEx4t/aS/GgxRAR+ra9pMHPMtTHU4sqqA==}

  '@deepseek-ai/schemastery@3.18.1':
    resolution: {integrity: sha512-Qn0FCSwCQnpnj6SB31I6i2sIKgKWnkbJM8O0EU91Gv2UsYVvtZTl6IA0sCwk2e2MZf5S8w5hpq9QkeVvK9qwxg==}

  '@standard-schema/spec@1.1.0':
    resolution: {integrity: sha512-l2aFy5jALhniG5HgqrD6jXLi/rUWrKvqN/qJx6yoJsgKhblVd+iqqU4RCXavm/jPityDo5TCvKMnpjKnOriy0w==}

  playwright-core@1.62.1:
    resolution: {integrity: sha512-wPYSwEBJY9GHraISXqyqtx0na0LpO3XEX7jNDhntbex7tzUS7kLnZsOlFruFJB4Hi/rhDMjXGqHewDZ68nYZVw==}
    engines: {node: '>=20'}
    hasBin: true

snapshots:

  '@deepseek-ai/cosmokit@1.8.2': {}

  '@deepseek-ai/schemastery@3.18.1':
    dependencies:
      '@deepseek-ai/cosmokit': 1.8.2
      '@standard-schema/spec': 1.1.0

  '@standard-schema/spec@1.1.0': {}

  playwright-core@1.62.1: {}
